
Microsoft Visual Studio Solution File, Format Version 12.00
# Visual Studio 2013
VisualStudioVersion = 12.0.21005.1
MinimumVisualStudioVersion = 10.0.40219.1
Project("{FAE04EC0-301F-11D3-BF4B-00C04F79EFBC}") = "JCore.SitecoreModules.ImageCropping.Web", "JCore.SitecoreModules.ImageCropping.Web\JCore.SitecoreModules.ImageCropping.Web.csproj", "{F1BBEC33-2BD3-49DB-A778-6B37BCAF592E}"
EndProject
Project("{FAE04EC0-301F-11D3-BF4B-00C04F79EFBC}") = "JCore.SitecoreModules.ImageCropping-7.2", "JCore.SitecoreModules.ImageCropping\JCore.SitecoreModules.ImageCropping-7.2.csproj", "{646862EA-9709-4C37-AB92-07FEC64AA865}"
EndProject
Global
	GlobalSection(SolutionConfigurationPlatforms) = preSolution
		Debug|Any CPU = Debug|Any CPU
		DEV_CDS|Any CPU = DEV_CDS|Any CPU
		DEV_CMS|Any CPU = DEV_CMS|Any CPU
		LOCAL_CDS|Any CPU = LOCAL_CDS|Any CPU
		LOCAL_CMS|Any CPU = LOCAL_CMS|Any CPU
		PROD_CDS|Any CPU = PROD_CDS|Any CPU
		PROD_CMS|Any CPU = PROD_CMS|Any CPU
		QA_CDS|Any CPU = QA_CDS|Any CPU
		QA_CMS|Any CPU = QA_CMS|Any CPU
		Release|Any CPU = Release|Any CPU
	EndGlobalSection
	GlobalSection(ProjectConfigurationPlatforms) = postSolution
		{F1BBEC33-2BD3-49DB-A778-6B37BCAF592E}.Debug|Any CPU.ActiveCfg = Debug|Any CPU
		{F1BBEC33-2BD3-49DB-A778-6B37BCAF592E}.Debug|Any CPU.Build.0 = Debug|Any CPU
		{F1BBEC33-2BD3-49DB-A778-6B37BCAF592E}.DEV_CDS|Any CPU.ActiveCfg = Debug|Any CPU
		{F1BBEC33-2BD3-49DB-A778-6B37BCAF592E}.DEV_CDS|Any CPU.Build.0 = Debug|Any CPU
		{F1BBEC33-2BD3-49DB-A778-6B37BCAF592E}.DEV_CMS|Any CPU.ActiveCfg = Debug|Any CPU
		{F1BBEC33-2BD3-49DB-A778-6B37BCAF592E}.DEV_CMS|Any CPU.Build.0 = Debug|Any CPU
		{F1BBEC33-2BD3-49DB-A778-6B37BCAF592E}.LOCAL_CDS|Any CPU.ActiveCfg = Release|Any CPU
		{F1BBEC33-2BD3-49DB-A778-6B37BCAF592E}.LOCAL_CDS|Any CPU.Build.0 = Release|Any CPU
		{F1BBEC33-2BD3-49DB-A778-6B37BCAF592E}.LOCAL_CMS|Any CPU.ActiveCfg = Release|Any CPU
		{F1BBEC33-2BD3-49DB-A778-6B37BCAF592E}.LOCAL_CMS|Any CPU.Build.0 = Release|Any CPU
		{F1BBEC33-2BD3-49DB-A778-6B37BCAF592E}.PROD_CDS|Any CPU.ActiveCfg = Release|Any CPU
		{F1BBEC33-2BD3-49DB-A778-6B37BCAF592E}.PROD_CDS|Any CPU.Build.0 = Release|Any CPU
		{F1BBEC33-2BD3-49DB-A778-6B37BCAF592E}.PROD_CMS|Any CPU.ActiveCfg = Release|Any CPU
		{F1BBEC33-2BD3-49DB-A778-6B37BCAF592E}.PROD_CMS|Any CPU.Build.0 = Release|Any CPU
		{F1BBEC33-2BD3-49DB-A778-6B37BCAF592E}.QA_CDS|Any CPU.ActiveCfg = Release|Any CPU
		{F1BBEC33-2BD3-49DB-A778-6B37BCAF592E}.QA_CDS|Any CPU.Build.0 = Release|Any CPU
		{F1BBEC33-2BD3-49DB-A778-6B37BCAF592E}.QA_CMS|Any CPU.ActiveCfg = Release|Any CPU
		{F1BBEC33-2BD3-49DB-A778-6B37BCAF592E}.QA_CMS|Any CPU.Build.0 = Release|Any CPU
		{F1BBEC33-2BD3-49DB-A778-6B37BCAF592E}.Release|Any CPU.ActiveCfg = Release|Any CPU
		{F1BBEC33-2BD3-49DB-A778-6B37BCAF592E}.Release|Any CPU.Build.0 = Release|Any CPU
		{646862EA-9709-4C37-AB92-07FEC64AA865}.Debug|Any CPU.ActiveCfg = Debug|Any CPU
		{646862EA-9709-4C37-AB92-07FEC64AA865}.Debug|Any CPU.Build.0 = Debug|Any CPU
		{646862EA-9709-4C37-AB92-07FEC64AA865}.DEV_CDS|Any CPU.ActiveCfg = DEV_CDS|Any CPU
		{646862EA-9709-4C37-AB92-07FEC64AA865}.DEV_CDS|Any CPU.Build.0 = DEV_CDS|Any CPU
		{646862EA-9709-4C37-AB92-07FEC64AA865}.DEV_CMS|Any CPU.ActiveCfg = DEV_CMS|Any CPU
		{646862EA-9709-4C37-AB92-07FEC64AA865}.DEV_CMS|Any CPU.Build.0 = DEV_CMS|Any CPU
		{646862EA-9709-4C37-AB92-07FEC64AA865}.LOCAL_CDS|Any CPU.ActiveCfg = LOCAL_CDS|Any CPU
		{646862EA-9709-4C37-AB92-07FEC64AA865}.LOCAL_CDS|Any CPU.Build.0 = LOCAL_CDS|Any CPU
		{646862EA-9709-4C37-AB92-07FEC64AA865}.LOCAL_CMS|Any CPU.ActiveCfg = LOCAL_CMS|Any CPU
		{646862EA-9709-4C37-AB92-07FEC64AA865}.LOCAL_CMS|Any CPU.Build.0 = LOCAL_CMS|Any CPU
		{646862EA-9709-4C37-AB92-07FEC64AA865}.PROD_CDS|Any CPU.ActiveCfg = PROD_CDS|Any CPU
		{646862EA-9709-4C37-AB92-07FEC64AA865}.PROD_CDS|Any CPU.Build.0 = PROD_CDS|Any CPU
		{646862EA-9709-4C37-AB92-07FEC64AA865}.PROD_CMS|Any CPU.ActiveCfg = PROD_CMS|Any CPU
		{646862EA-9709-4C37-AB92-07FEC64AA865}.PROD_CMS|Any CPU.Build.0 = PROD_CMS|Any CPU
		{646862EA-9709-4C37-AB92-07FEC64AA865}.QA_CDS|Any CPU.ActiveCfg = QA_CDS|Any CPU
		{646862EA-9709-4C37-AB92-07FEC64AA865}.QA_CDS|Any CPU.Build.0 = QA_CDS|Any CPU
		{646862EA-9709-4C37-AB92-07FEC64AA865}.QA_CMS|Any CPU.ActiveCfg = QA_CMS|Any CPU
		{646862EA-9709-4C37-AB92-07FEC64AA865}.QA_CMS|Any CPU.Build.0 = QA_CMS|Any CPU
		{646862EA-9709-4C37-AB92-07FEC64AA865}.Release|Any CPU.ActiveCfg = Release|Any CPU
		{646862EA-9709-4C37-AB92-07FEC64AA865}.Release|Any CPU.Build.0 = Release|Any CPU
	EndGlobalSection
	GlobalSection(SolutionProperties) = preSolution
		HideSolutionNode = FALSE
	EndGlobalSection
EndGlobal
