
Microsoft Visual Studio Solution File, Format Version 12.00
# Visual Studio 2012
Project("{FAE04EC0-301F-11D3-BF4B-00C04F79EFBC}") = "Sitecore.SharedModules.ImageCropping", "Sitecore.SharedModules.ImageCropping\Sitecore.SharedModules.ImageCropping.csproj", "{AD823088-41AF-48D4-B864-32FB2543598E}"
EndProject
Project("{FAE04EC0-301F-11D3-BF4B-00C04F79EFBC}") = "Sitecore.SharedModules.ImageCropping.Web", "Sitecore.SharedModules.ImageCropping.Web\Sitecore.SharedModules.ImageCropping.Web.csproj", "{F7642C48-B975-409F-9A61-D47C687B3CB2}"
EndProject
Global
	GlobalSection(SolutionConfigurationPlatforms) = preSolution
		Debug|Any CPU = Debug|Any CPU
		Release|Any CPU = Release|Any CPU
	EndGlobalSection
	GlobalSection(ProjectConfigurationPlatforms) = postSolution
		{AD823088-41AF-48D4-B864-32FB2543598E}.Debug|Any CPU.ActiveCfg = Debug|Any CPU
		{AD823088-41AF-48D4-B864-32FB2543598E}.Debug|Any CPU.Build.0 = Debug|Any CPU
		{AD823088-41AF-48D4-B864-32FB2543598E}.Release|Any CPU.ActiveCfg = Release|Any CPU
		{AD823088-41AF-48D4-B864-32FB2543598E}.Release|Any CPU.Build.0 = Release|Any CPU
		{F7642C48-B975-409F-9A61-D47C687B3CB2}.Debug|Any CPU.ActiveCfg = Debug|Any CPU
		{F7642C48-B975-409F-9A61-D47C687B3CB2}.Debug|Any CPU.Build.0 = Debug|Any CPU
		{F7642C48-B975-409F-9A61-D47C687B3CB2}.Release|Any CPU.ActiveCfg = Release|Any CPU
		{F7642C48-B975-409F-9A61-D47C687B3CB2}.Release|Any CPU.Build.0 = Release|Any CPU
	EndGlobalSection
	GlobalSection(SolutionProperties) = preSolution
		HideSolutionNode = FALSE
	EndGlobalSection
EndGlobal
